// !$*UTF8*$!
{
	archiveVersion = 1;
	classes = {
	};
	objectVersion = 50;
	objects = {

/* Begin PBXBuildFile section */
		A1CEC1D320D8ACD7004967C4 /* AppDelegate.m in Sources */ = {isa = PBXBuildFile; fileRef = A1CEC1D220D8ACD7004967C4 /* AppDelegate.m */; };
		A1CEC1D620D8ACD7004967C4 /* ViewController.m in Sources */ = {isa = PBXBuildFile; fileRef = A1CEC1D520D8ACD7004967C4 /* ViewController.m */; };
		A1CEC1D920D8ACD7004967C4 /* Main.storyboard in Resources */ = {isa = PBXBuildFile; fileRef = A1CEC1D720D8ACD7004967C4 /* Main.storyboard */; };
		A1CEC1DB20D8ACD8004967C4 /* Assets.xcassets in Resources */ = {isa = PBXBuildFile; fileRef = A1CEC1DA20D8ACD8004967C4 /* Assets.xcassets */; };
		A1CEC1DE20D8ACD8004967C4 /* LaunchScreen.storyboard in Resources */ = {isa = PBXBuildFile; fileRef = A1CEC1DC20D8ACD8004967C4 /* LaunchScreen.storyboard */; };
		A1CEC1E120D8ACD8004967C4 /* main.m in Sources */ = {isa = PBXBuildFile; fileRef = A1CEC1E020D8ACD8004967C4 /* main.m */; };
		A1CEC1E820D8AE25004967C4 /* 2.jpg in Resources */ = {isa = PBXBuildFile; fileRef = A1CEC1E720D8AE25004967C4 /* 2.jpg */; };
		A1CEC1EA20D8AE29004967C4 /* 1.jpeg in Resources */ = {isa = PBXBuildFile; fileRef = A1CEC1E920D8AE29004967C4 /* 1.jpeg */; };
		A1CEC1EB20D8AE41004967C4 /* 1.jpeg in Sources */ = {isa = PBXBuildFile; fileRef = A1CEC1E920D8AE29004967C4 /* 1.jpeg */; };
		A1CEC1EC20D8AE45004967C4 /* 2.jpg in Sources */ = {isa = PBXBuildFile; fileRef = A1CEC1E720D8AE25004967C4 /* 2.jpg */; };
/* End PBXBuildFile section */

/* Begin PBXFileReference section */
		A1CEC1CE20D8ACD7004967C4 /* AutoLayoutDemo.app */ = {isa = PBXFileReference; explicitFileType = wrapper.application; includeInIndex = 0; path = AutoLayoutDemo.app; sourceTree = BUILT_PRODUCTS_DIR; };
		A1CEC1D120D8ACD7004967C4 /* AppDelegate.h */ = {isa = PBXFileReference; lastKnownFileType = sourcecode.c.h; path = AppDelegate.h; sourceTree = "<group>"; };
		A1CEC1D220D8ACD7004967C4 /* AppDelegate.m */ = {isa = PBXFileReference; lastKnownFileType = sourcecode.c.objc; path = AppDelegate.m; sourceTree = "<group>"; };
		A1CEC1D420D8ACD7004967C4 /* ViewController.h */ = {isa = PBXFileReference; lastKnownFileType = sourcecode.c.h; path = ViewController.h; sourceTree = "<group>"; };
		A1CEC1D520D8ACD7004967C4 /* ViewController.m */ = {isa = PBXFileReference; lastKnownFileType = sourcecode.c.objc; path = ViewController.m; sourceTree = "<group>"; };
		A1CEC1D820D8ACD7004967C4 /* Base */ = {isa = PBXFileReference; lastKnownFileType = file.storyboard; name = Base; path = Base.lproj/Main.storyboard; sourceTree = "<group>"; };
		A1CEC1DA20D8ACD8004967C4 /* Assets.xcassets */ = {isa = PBXFileReference; lastKnownFileType = folder.assetcatalog; path = Assets.xcassets; sourceTree = "<group>"; };
		A1CEC1DD20D8ACD8004967C4 /* Base */ = {isa = PBXFileReference; lastKnownFileType = file.storyboard; name = Base; path = Base.lproj/LaunchScreen.storyboard; sourceTree = "<group>"; };
		A1CEC1DF20D8ACD8004967C4 /* Info.plist */ = {isa = PBXFileReference; lastKnownFileType = text.plist.xml; path = Info.plist; sourceTree = "<group>"; };
		A1CEC1E020D8ACD8004967C4 /* main.m */ = {isa = PBXFileReference; lastKnownFileType = sourcecode.c.objc; path = main.m; sourceTree = "<group>"; };
		A1CEC1E720D8AE25004967C4 /* 2.jpg */ = {isa = PBXFileReference; lastKnownFileType = image.jpeg; path = 2.jpg; sourceTree = "<group>"; };
		A1CEC1E920D8AE29004967C4 /* 1.jpeg */ = {isa = PBXFileReference; lastKnownFileType = image.jpeg; path = 1.jpeg; sourceTree = "<group>"; };
/* End PBXFileReference section */

/* Begin PBXFrameworksBuildPhase section */
		A1CEC1CB20D8ACD7004967C4 /* Frameworks */ = {
			isa = PBXFrameworksBuildPhase;
			buildActionMask = 2147483647;
			files = (
			);
			runOnlyForDeploymentPostprocessing = 0;
		};
/* End PBXFrameworksBuildPhase section */

/* Begin PBXGroup section */
		A1CEC1C520D8ACD7004967C4 = {
			isa = PBXGroup;
			children = (
				A1CEC1D020D8ACD7004967C4 /* AutoLayoutDemo */,
				A1CEC1CF20D8ACD7004967C4 /* Products */,
			);
			sourceTree = "<group>";
		};
		A1CEC1CF20D8ACD7004967C4 /* Products */ = {
			isa = PBXGroup;
			children = (
				A1CEC1CE20D8ACD7004967C4 /* AutoLayoutDemo.app */,
			);
			name = Products;
			sourceTree = "<group>";
		};
		A1CEC1D020D8ACD7004967C4 /* AutoLayoutDemo */ = {
			isa = PBXGroup;
			children = (
				A1CEC1D120D8ACD7004967C4 /* AppDelegate.h */,
				A1CEC1D220D8ACD7004967C4 /* AppDelegate.m */,
				A1CEC1D420D8ACD7004967C4 /* ViewController.h */,
				A1CEC1D520D8ACD7004967C4 /* ViewController.m */,
				A1CEC1E720D8AE25004967C4 /* 2.jpg */,
				A1CEC1E920D8AE29004967C4 /* 1.jpeg */,
				A1CEC1D720D8ACD7004967C4 /* Main.storyboard */,
				A1CEC1DA20D8ACD8004967C4 /* Assets.xcassets */,
				A1CEC1DC20D8ACD8004967C4 /* LaunchScreen.storyboard */,
				A1CEC1DF20D8ACD8004967C4 /* Info.plist */,
				A1CEC1E020D8ACD8004967C4 /* main.m */,
			);
			path = AutoLayoutDemo;
			sourceTree = "<group>";
		};
/* End PBXGroup section */

/* Begin PBXNativeTarget section */
		A1CEC1CD20D8ACD7004967C4 /* AutoLayoutDemo */ = {
			isa = PBXNativeTarget;
			buildConfigurationList = A1CEC1E420D8ACD8004967C4 /* Build configuration list for PBXNativeTarget "AutoLayoutDemo" */;
			buildPhases = (
				A1CEC1CA20D8ACD7004967C4 /* Sources */,
				A1CEC1CB20D8ACD7004967C4 /* Frameworks */,
				A1CEC1CC20D8ACD7004967C4 /* Resources */,
			);
			buildRules = (
			);
			dependencies = (
			);
			name = AutoLayoutDemo;
			productName = AutoLayoutDemo;
			productReference = A1CEC1CE20D8ACD7004967C4 /* AutoLayoutDemo.app */;
			productType = "com.apple.product-type.application";
		};
/* End PBXNativeTarget section */

/* Begin PBXProject section */
		A1CEC1C620D8ACD7004967C4 /* Project object */ = {
			isa = PBXProject;
			attributes = {
				LastUpgradeCheck = 0940;
				ORGANIZATIONNAME = DR_Kun;
				TargetAttributes = {
					A1CEC1CD20D8ACD7004967C4 = {
						CreatedOnToolsVersion = 9.4.1;
					};
				};
			};
			buildConfigurationList = A1CEC1C920D8ACD7004967C4 /* Build configuration list for PBXProject "AutoLayoutDemo" */;
			compatibilityVersion = "Xcode 9.3";
			developmentRegion = en;
			hasScannedForEncodings = 0;
			knownRegions = (
				en,
				Base,
			);
			mainGroup = A1CEC1C520D8ACD7004967C4;
			productRefGroup = A1CEC1CF20D8ACD7004967C4 /* Products */;
			projectDirPath = "";
			projectRoot = "";
			targets = (
				A1CEC1CD20D8ACD7004967C4 /* AutoLayoutDemo */,
			);
		};
/* End PBXProject section */

/* Begin PBXResourcesBuildPhase section */
		A1CEC1CC20D8ACD7004967C4 /* Resources */ = {
			isa = PBXResourcesBuildPhase;
			buildActionMask = 2147483647;
			files = (
				A1CEC1EA20D8AE29004967C4 /* 1.jpeg in Resources */,
				A1CEC1DE20D8ACD8004967C4 /* LaunchScreen.storyboard in Resources */,
				A1CEC1DB20D8ACD8004967C4 /* Assets.xcassets in Resources */,
				A1CEC1E820D8AE25004967C4 /* 2.jpg in Resources */,
				A1CEC1D920D8ACD7004967C4 /* Main.storyboard in Resources */,
			);
			runOnlyForDeploymentPostprocessing = 0;
		};
/* End PBXResourcesBuildPhase section */

/* Begin PBXSourcesBuildPhase section */
		A1CEC1CA20D8ACD7004967C4 /* Sources */ = {
			isa = PBXSourcesBuildPhase;
			buildActionMask = 2147483647;
			files = (
				A1CEC1EC20D8AE45004967C4 /* 2.jpg in Sources */,
				A1CEC1EB20D8AE41004967C4 /* 1.jpeg in Sources */,
				A1CEC1D620D8ACD7004967C4 /* ViewController.m in Sources */,
				A1CEC1E120D8ACD8004967C4 /* main.m in Sources */,
				A1CEC1D320D8ACD7004967C4 /* AppDelegate.m in Sources */,
			);
			runOnlyForDeploymentPostprocessing = 0;
		};
/* End PBXSourcesBuildPhase section */

/* Begin PBXVariantGroup section */
		A1CEC1D720D8ACD7004967C4 /* Main.storyboard */ = {
			isa = PBXVariantGroup;
			children = (
				A1CEC1D820D8ACD7004967C4 /* Base */,
			);
			name = Main.storyboard;
			sourceTree = "<group>";
		};
		A1CEC1DC20D8ACD8004967C4 /* LaunchScreen.storyboard */ = {
			isa = PBXVariantGroup;
			children = (
				A1CEC1DD20D8ACD8004967C4 /* Base */,
			);
			name = LaunchScreen.storyboard;
			sourceTree = "<group>";
		};
/* End PBXVariantGroup section */

/* Begin XCBuildConfiguration section */
		A1CEC1E220D8ACD8004967C4 /* Debug */ = {
			isa = XCBuildConfiguration;
			buildSettings = {
				ALWAYS_SEARCH_USER_PATHS = NO;
				CLANG_ANALYZER_NONNULL = YES;
				CLANG_ANALYZER_NUMBER_OBJECT_CONVERSION = YES_AGGRESSIVE;
				CLANG_CXX_LANGUAGE_STANDARD = "gnu++14";
				CLANG_CXX_LIBRARY = "libc++";
				CLANG_ENABLE_MODULES = YES;
				CLANG_ENABLE_OBJC_ARC = YES;
				CLANG_ENABLE_OBJC_WEAK = YES;
				CLANG_WARN_BLOCK_CAPTURE_AUTORELEASING = YES;
				CLANG_WARN_BOOL_CONVERSION = YES;
				CLANG_WARN_COMMA = YES;
				CLANG_WARN_CONSTANT_CONVERSION = YES;
				CLANG_WARN_DEPRECATED_OBJC_IMPLEMENTATIONS = YES;
				CLANG_WARN_DIRECT_OBJC_ISA_USAGE = YES_ERROR;
				CLANG_WARN_DOCUMENTATION_COMMENTS = YES;
				CLANG_WARN_EMPTY_BODY = YES;
				CLANG_WARN_ENUM_CONVERSION = YES;
				CLANG_WARN_INFINITE_RECURSION = YES;
				CLANG_WARN_INT_CONVERSION = YES;
				CLANG_WARN_NON_LITERAL_NULL_CONVERSION = YES;
				CLANG_WARN_OBJC_IMPLICIT_RETAIN_SELF = YES;
				CLANG_WARN_OBJC_LITERAL_CONVERSION = YES;
				CLANG_WARN_OBJC_ROOT_CLASS = YES_ERROR;
				CLANG_WARN_RANGE_LOOP_ANALYSIS = YES;
				CLANG_WARN_STRICT_PROTOTYPES = YES;
				CLANG_WARN_SUSPICIOUS_MOVE = YES;
				CLANG_WARN_UNGUARDED_AVAILABILITY = YES_AGGRESSIVE;
				CLANG_WARN_UNREACHABLE_CODE = YES;
				CLANG_WARN__DUPLICATE_METHOD_MATCH = YES;
				CODE_SIGN_IDENTITY = "iPhone Developer";
				COPY_PHASE_STRIP = NO;
				DEBUG_INFORMATION_FORMAT = dwarf;
				ENABLE_STRICT_OBJC_MSGSEND = YES;
				ENABLE_TESTABILITY = YES;
				GCC_C_LANGUAGE_STANDARD = gnu11;
				GCC_DYNAMIC_NO_PIC = NO;
				GCC_NO_COMMON_BLOCKS = YES;
				GCC_OPTIMIZATION_LEVEL = 0;
				GCC_PREPROCESSOR_DEFINITIONS = (
					"DEBUG=1",
					"$(inherited)",
				);
				GCC_WARN_64_TO_32_BIT_CONVERSION = YES;
				GCC_WARN_ABOUT_RETURN_TYPE = YES_ERROR;
				GCC_WARN_UNDECLARED_SELECTOR = YES;
				GCC_WARN_UNINITIALIZED_AUTOS = YES_AGGRESSIVE;
				GCC_WARN_UNUSED_FUNCTION = YES;
				GCC_WARN_UNUSED_VARIABLE = YES;
				IPHONEOS_DEPLOYMENT_TARGET = 11.4;
				MTL_ENABLE_DEBUG_INFO = YES;
				ONLY_ACTIVE_ARCH = YES;
				SDKROOT = iphoneos;
			};
			name = Debug;
		};
		A1CEC1E320D8ACD8004967C4 /* Release */ = {
			isa = XCBuildConfiguration;
			buildSettings = {
				ALWAYS_SEARCH_USER_PATHS = NO;
				CLANG_ANALYZER_NONNULL = YES;
				CLANG_ANALYZER_NUMBER_OBJECT_CONVERSION = YES_AGGRESSIVE;
				CLANG_CXX_LANGUAGE_STANDARD = "gnu++14";
				CLANG_CXX_LIBRARY = "libc++";
				CLANG_ENABLE_MODULES = YES;
				CLANG_ENABLE_OBJC_ARC = YES;
				CLANG_ENABLE_OBJC_WEAK = YES;
				CLANG_WARN_BLOCK_CAPTURE_AUTORELEASING = YES;
				CLANG_WARN_BOOL_CONVERSION = YES;
				CLANG_WARN_COMMA = YES;
				CLANG_WARN_CONSTANT_CONVERSION = YES;
				CLANG_WARN_DEPRECATED_OBJC_IMPLEMENTATIONS = YES;
				CLANG_WARN_DIRECT_OBJC_ISA_USAGE = YES_ERROR;
				CLANG_WARN_DOCUMENTATION_COMMENTS = YES;
				CLANG_WARN_EMPTY_BODY = YES;
				CLANG_WARN_ENUM_CONVERSION = YES;
				CLANG_WARN_INFINITE_RECURSION = YES;
				CLANG_WARN_INT_CONVERSION = YES;
				CLANG_WARN_NON_LITERAL_NULL_CONVERSION = YES;
				CLANG_WARN_OBJC_IMPLICIT_RETAIN_SELF = YES;
				CLANG_WARN_OBJC_LITERAL_CONVERSION = YES;
				CLANG_WARN_OBJC_ROOT_CLASS = YES_ERROR;
				CLANG_WARN_RANGE_LOOP_ANALYSIS = YES;
				CLANG_WARN_STRICT_PROTOTYPES = YES;
				CLANG_WARN_SUSPICIOUS_MOVE = YES;
				CLANG_WARN_UNGUARDED_AVAILABILITY = YES_AGGRESSIVE;
				CLANG_WARN_UNREACHABLE_CODE = YES;
				CLANG_WARN__DUPLICATE_METHOD_MATCH = YES;
				CODE_SIGN_IDENTITY = "iPhone Developer";
				COPY_PHASE_STRIP = NO;
				DEBUG_INFORMATION_FORMAT = "dwarf-with-dsym";
				ENABLE_NS_ASSERTIONS = NO;
				ENABLE_STRICT_OBJC_MSGSEND = YES;
				GCC_C_LANGUAGE_STANDARD = gnu11;
				GCC_NO_COMMON_BLOCKS = YES;
				GCC_WARN_64_TO_32_BIT_CONVERSION = YES;
				GCC_WARN_ABOUT_RETURN_TYPE = YES_ERROR;
				GCC_WARN_UNDECLARED_SELECTOR = YES;
				GCC_WARN_UNINITIALIZED_AUTOS = YES_AGGRESSIVE;
				GCC_WARN_UNUSED_FUNCTION = YES;
				GCC_WARN_UNUSED_VARIABLE = YES;
				IPHONEOS_DEPLOYMENT_TARGET = 11.4;
				MTL_ENABLE_DEBUG_INFO = NO;
				SDKROOT = iphoneos;
				VALIDATE_PRODUCT = YES;
			};
			name = Release;
		};
		A1CEC1E520D8ACD8004967C4 /* Debug */ = {
			isa = XCBuildConfiguration;
			buildSettings = {
				ASSETCATALOG_COMPILER_APPICON_NAME = AppIcon;
				CODE_SIGN_STYLE = Automatic;
				INFOPLIST_FILE = AutoLayoutDemo/Info.plist;
				IPHONEOS_DEPLOYMENT_TARGET = 9.0;
				LD_RUNPATH_SEARCH_PATHS = (
					"$(inherited)",
					"@executable_path/Frameworks",
				);
				PRODUCT_BUNDLE_IDENTIFIER = com.Kun.AutoLayoutDemo;
				PRODUCT_NAME = "$(TARGET_NAME)";
				TARGETED_DEVICE_FAMILY = 1;
			};
			name = Debug;
		};
		A1CEC1E620D8ACD8004967C4 /* Release */ = {
			isa = XCBuildConfiguration;
			buildSettings = {
				ASSETCATALOG_COMPILER_APPICON_NAME = AppIcon;
				CODE_SIGN_STYLE = Automatic;
				INFOPLIST_FILE = AutoLayoutDemo/Info.plist;
				IPHONEOS_DEPLOYMENT_TARGET = 9.0;
				LD_RUNPATH_SEARCH_PATHS = (
					"$(inherited)",
					"@executable_path/Frameworks",
				);
				PRODUCT_BUNDLE_IDENTIFIER = com.Kun.AutoLayoutDemo;
				PRODUCT_NAME = "$(TARGET_NAME)";
				TARGETED_DEVICE_FAMILY = 1;
			};
			name = Release;
		};
/* End XCBuildConfiguration section */

/* Begin XCConfigurationList section */
		A1CEC1C920D8ACD7004967C4 /* Build configuration list for PBXProject "AutoLayoutDemo" */ = {
			isa = XCConfigurationList;
			buildConfigurations = (
				A1CEC1E220D8ACD8004967C4 /* Debug */,
				A1CEC1E320D8ACD8004967C4 /* Release */,
			);
			defaultConfigurationIsVisible = 0;
			defaultConfigurationName = Release;
		};
		A1CEC1E420D8ACD8004967C4 /* Build configuration list for PBXNativeTarget "AutoLayoutDemo" */ = {
			isa = XCConfigurationList;
			buildConfigurations = (
				A1CEC1E520D8ACD8004967C4 /* Debug */,
				A1CEC1E620D8ACD8004967C4 /* Release */,
			);
			defaultConfigurationIsVisible = 0;
			defaultConfigurationName = Release;
		};
/* End XCConfigurationList section */
	};
	rootObject = A1CEC1C620D8ACD7004967C4 /* Project object */;
}
